{
	"name": "@talla-ui/web-handler",
	"version": "4.0.0-dev.70",
	"lockfileVersion": 2,
	"requires": true,
	"packages": {
		"": {
			"name": "@talla-ui/web-handler",
			"version": "4.0.0-dev.70",
			"license": "MIT",
			"devDependencies": {
				"@talla-ui/core": "file:../core"
			},
			"peerDependencies": {
				"@talla-ui/core": "4.0.0-dev.70"
			}
		},
		"../core": {
			"name": "@talla-ui/core",
			"version": "4.0.0-dev.70",
			"dev": true,
			"license": "MIT",
			"dependencies": {
				"tslib": "^2.7.0"
			},
			"devDependencies": {
				"@talla-ui/test-handler": "file:../test-handler"
			}
		},
		"node_modules/@talla-ui/core": {
			"resolved": "../core",
			"link": true
		}
	},
	"dependencies": {
		"@talla-ui/core": {
			"version": "file:../core",
			"requires": {
				"@talla-ui/test-handler": "file:../test-handler",
				"tslib": "^2.7.0"
			}
		}
	}
}
