{
	"name": "@talla-ui/web-handler",
	"version": "0.0.0",
	"lockfileVersion": 2,
	"requires": true,
	"packages": {
		"": {
			"name": "@talla-ui/web-handler",
			"version": "0.0.0",
			"license": "MIT",
			"dependencies": {
				"tslib": "^2.6.3"
			},
			"devDependencies": {
				"talla": "file:../core"
			}
		},
		"../core": {
			"version": "0.0.0",
			"dev": true,
			"license": "MIT",
			"dependencies": {
				"tslib": "^2.6.3"
			},
			"devDependencies": {
				"@talla-ui/test-handler": "file:../test-handler"
			}
		},
		"node_modules/talla": {
			"resolved": "../core",
			"link": true
		},
		"node_modules/tslib": {
			"version": "2.7.0",
			"resolved": "https://registry.npmjs.org/tslib/-/tslib-2.7.0.tgz",
			"integrity": "sha512-gLXCKdN1/j47AiHiOkJN69hJmcbGTHI0ImLmbYLHykhgeN0jVGola9yVjFgzCUklsZQMW55o+dW7IXv3RCXDzA=="
		}
	},
	"dependencies": {
		"talla": {
			"version": "file:../core",
			"requires": {
				"@talla-ui/test-handler": "file:../test-handler",
				"tslib": "^2.6.3"
			}
		},
		"tslib": {
			"version": "2.7.0",
			"resolved": "https://registry.npmjs.org/tslib/-/tslib-2.7.0.tgz",
			"integrity": "sha512-gLXCKdN1/j47AiHiOkJN69hJmcbGTHI0ImLmbYLHykhgeN0jVGola9yVjFgzCUklsZQMW55o+dW7IXv3RCXDzA=="
		}
	}
}
