{
	"name": "@desk-framework/webcontext",
	"version": "0.0.0",
	"lockfileVersion": 2,
	"requires": true,
	"packages": {
		"": {
			"name": "@desk-framework/webcontext",
			"version": "0.0.0",
			"license": "MIT",
			"dependencies": {
				"desk-frame": "file:../desk-frame",
				"tslib": "^2.6.2"
			}
		},
		"../desk-frame": {
			"version": "0.0.0",
			"license": "MIT",
			"dependencies": {
				"tslib": "^2.6.2"
			},
			"devDependencies": {
				"@desk-framework/test": "file:../test"
			}
		},
		"node_modules/desk-frame": {
			"resolved": "../desk-frame",
			"link": true
		},
		"node_modules/tslib": {
			"version": "2.6.2",
			"resolved": "https://registry.npmjs.org/tslib/-/tslib-2.6.2.tgz",
			"integrity": "sha512-AEYxH93jGFPn/a2iVAwW87VuUIkR1FVUKB77NwMF7nBTDkDrrT/Hpt/IrCJ0QXhW27jTBDcf5ZY7w6RiqTMw2Q=="
		}
	},
	"dependencies": {
		"desk-frame": {
			"version": "file:../desk-frame",
			"requires": {
				"@desk-framework/test": "file:../test",
				"tslib": "^2.6.2"
			}
		},
		"tslib": {
			"version": "2.6.2",
			"resolved": "https://registry.npmjs.org/tslib/-/tslib-2.6.2.tgz",
			"integrity": "sha512-AEYxH93jGFPn/a2iVAwW87VuUIkR1FVUKB77NwMF7nBTDkDrrT/Hpt/IrCJ0QXhW27jTBDcf5ZY7w6RiqTMw2Q=="
		}
	}
}
