{
	"name": "@desk-framework/webcontext",
	"version": "0.0.0",
	"lockfileVersion": 2,
	"requires": true,
	"packages": {
		"": {
			"name": "@desk-framework/webcontext",
			"version": "0.0.0",
			"license": "MIT",
			"dependencies": {
				"desk-frame": "file:../desk-frame",
				"tslib": "^2.5.0"
			}
		},
		"../desk-frame": {
			"version": "0.0.0",
			"license": "MIT",
			"dependencies": {
				"tslib": "^2.5.0"
			},
			"devDependencies": {
				"@desk-framework/test": "file:../test"
			}
		},
		"node_modules/desk-frame": {
			"resolved": "../desk-frame",
			"link": true
		},
		"node_modules/tslib": {
			"version": "2.5.0",
			"resolved": "https://registry.npmjs.org/tslib/-/tslib-2.5.0.tgz",
			"integrity": "sha512-336iVw3rtn2BUK7ORdIAHTyxHGRIHVReokCR3XjbckJMK7ms8FysBfhLR8IXnAgy7T0PTPNBWKiH514FOW/WSg=="
		}
	},
	"dependencies": {
		"desk-frame": {
			"version": "file:../desk-frame",
			"requires": {
				"@desk-framework/test": "file:../test",
				"tslib": "^2.5.0"
			}
		},
		"tslib": {
			"version": "2.5.0",
			"resolved": "https://registry.npmjs.org/tslib/-/tslib-2.5.0.tgz",
			"integrity": "sha512-336iVw3rtn2BUK7ORdIAHTyxHGRIHVReokCR3XjbckJMK7ms8FysBfhLR8IXnAgy7T0PTPNBWKiH514FOW/WSg=="
		}
	}
}
