{
	"name": "@desk-framework/test",
	"version": "0.0.0",
	"lockfileVersion": 2,
	"requires": true,
	"packages": {
		"": {
			"name": "@desk-framework/test",
			"version": "0.0.0",
			"license": "MIT",
			"dependencies": {
				"desk-frame": "file:../desk-frame"
			}
		},
		"../desk-frame": {
			"version": "0.0.0",
			"license": "MIT",
			"dependencies": {
				"tslib": "^2.5.0"
			},
			"devDependencies": {
				"@desk-framework/test": "file:../test"
			}
		},
		"node_modules/desk-frame": {
			"resolved": "../desk-frame",
			"link": true
		}
	},
	"dependencies": {
		"desk-frame": {
			"version": "file:../desk-frame",
			"requires": {
				"@desk-framework/test": "file:../test",
				"tslib": "^2.5.0"
			}
		}
	}
}
