{
	"name": "@desk-framework/www",
	"lockfileVersion": 2,
	"requires": true,
	"packages": {
		"": {
			"name": "@desk-framework/www",
			"license": "MIT",
			"devDependencies": {
				"@desk-framework/test": "file:../test",
				"@desk-framework/webcontext": "file:../webcontext",
				"desk-frame": "file:../desk-frame"
			}
		},
		"../desk-frame": {
			"version": "0.0.0",
			"dev": true,
			"license": "MIT",
			"dependencies": {
				"tslib": "^2.6.2"
			},
			"devDependencies": {
				"@desk-framework/test": "file:../test"
			}
		},
		"../test": {
			"version": "0.0.0",
			"dev": true,
			"license": "MIT",
			"dependencies": {
				"desk-frame": "file:../desk-frame"
			}
		},
		"../webcontext": {
			"version": "0.0.0",
			"dev": true,
			"license": "MIT",
			"dependencies": {
				"desk-frame": "file:../desk-frame",
				"tslib": "^2.6.2"
			}
		},
		"node_modules/@desk-framework/test": {
			"resolved": "../test",
			"link": true
		},
		"node_modules/@desk-framework/webcontext": {
			"resolved": "../webcontext",
			"link": true
		},
		"node_modules/desk-frame": {
			"resolved": "../desk-frame",
			"link": true
		}
	},
	"dependencies": {
		"@desk-framework/test": {
			"version": "file:../test",
			"requires": {
				"desk-frame": "file:../desk-frame"
			}
		},
		"@desk-framework/webcontext": {
			"version": "file:../webcontext",
			"requires": {
				"desk-frame": "file:../desk-frame",
				"tslib": "^2.6.2"
			}
		},
		"desk-frame": {
			"version": "file:../desk-frame",
			"requires": {
				"@desk-framework/test": "file:../test",
				"tslib": "^2.6.2"
			}
		}
	}
}
