{
	"name": "@desk-framework/www",
	"lockfileVersion": 2,
	"requires": true,
	"packages": {
		"": {
			"name": "@desk-framework/www",
			"license": "MIT",
			"devDependencies": {
				"@desk-framework/frame-core": "file:../frame-core",
				"@desk-framework/frame-test": "file:../frame-test",
				"@desk-framework/frame-web": "file:../frame-web"
			}
		},
		"../desk-frame": {
			"version": "0.0.0",
			"extraneous": true,
			"license": "MIT",
			"dependencies": {
				"tslib": "^2.6.2"
			},
			"devDependencies": {
				"@desk-framework/test": "file:../test"
			}
		},
		"../frame-core": {
			"name": "@desk-framework/frame-core",
			"version": "0.0.0",
			"dev": true,
			"license": "MIT",
			"dependencies": {
				"tslib": "^2.6.2"
			},
			"devDependencies": {
				"@desk-framework/frame-test": "file:../frame-test"
			}
		},
		"../frame-test": {
			"name": "@desk-framework/frame-test",
			"version": "0.0.0",
			"dev": true,
			"license": "MIT",
			"dependencies": {
				"@desk-framework/frame-core": "file:../frame-core"
			}
		},
		"../frame-web": {
			"name": "@desk-framework/frame-web",
			"version": "0.0.0",
			"dev": true,
			"license": "MIT",
			"dependencies": {
				"@desk-framework/frame-core": "file:../frame-core",
				"tslib": "^2.6.2"
			}
		},
		"../test": {
			"name": "@desk-framework/test",
			"version": "0.0.0",
			"extraneous": true,
			"license": "MIT",
			"dependencies": {
				"desk-frame": "file:../desk-frame"
			}
		},
		"../webcontext": {
			"name": "@desk-framework/webcontext",
			"version": "0.0.0",
			"extraneous": true,
			"license": "MIT",
			"dependencies": {
				"desk-frame": "file:../desk-frame",
				"tslib": "^2.6.2"
			}
		},
		"node_modules/@desk-framework/frame-core": {
			"resolved": "../frame-core",
			"link": true
		},
		"node_modules/@desk-framework/frame-test": {
			"resolved": "../frame-test",
			"link": true
		},
		"node_modules/@desk-framework/frame-web": {
			"resolved": "../frame-web",
			"link": true
		}
	},
	"dependencies": {
		"@desk-framework/frame-core": {
			"version": "file:../frame-core",
			"requires": {
				"@desk-framework/frame-test": "file:../frame-test",
				"tslib": "^2.6.2"
			}
		},
		"@desk-framework/frame-test": {
			"version": "file:../frame-test",
			"requires": {
				"@desk-framework/frame-core": "file:../frame-core"
			}
		},
		"@desk-framework/frame-web": {
			"version": "file:../frame-web",
			"requires": {
				"@desk-framework/frame-core": "file:../frame-core",
				"tslib": "^2.6.2"
			}
		}
	}
}
