{
	"name": "@talla-ui/web-tools",
	"version": "4.0.0-dev.105",
	"lockfileVersion": 3,
	"requires": true,
	"packages": {
		"": {
			"name": "@talla-ui/web-tools",
			"version": "4.0.0-dev.105",
			"license": "MIT",
			"devDependencies": {
				"@talla-ui/core": "file:../core",
				"@talla-ui/util": "file:../util",
				"@talla-ui/web-handler": "file:../web-handler"
			},
			"peerDependencies": {
				"@talla-ui/core": "4.0.0-dev.105",
				"@talla-ui/web-handler": "4.0.0-dev.105"
			}
		},
		"../core": {
			"name": "@talla-ui/core",
			"version": "4.0.0-dev.105",
			"dev": true,
			"license": "MIT",
			"dependencies": {
				"tslib": "^2.7.0"
			},
			"devDependencies": {
				"@talla-ui/test-handler": "file:../test-handler",
				"@talla-ui/util": "file:../util"
			},
			"peerDependencies": {
				"@talla-ui/util": "4.0.0-dev.105"
			}
		},
		"../util": {
			"name": "@talla-ui/util",
			"version": "4.0.0-dev.105",
			"dev": true,
			"license": "MIT"
		},
		"../web-handler": {
			"name": "@talla-ui/web-handler",
			"version": "4.0.0-dev.105",
			"dev": true,
			"license": "MIT",
			"devDependencies": {
				"@talla-ui/core": "file:../core",
				"@talla-ui/util": "file:../util",
				"jsdom": "27.4.0"
			},
			"peerDependencies": {
				"@talla-ui/core": "4.0.0-dev.105",
				"@talla-ui/util": "4.0.0-dev.105"
			}
		},
		"node_modules/@talla-ui/core": {
			"resolved": "../core",
			"link": true
		},
		"node_modules/@talla-ui/util": {
			"resolved": "../util",
			"link": true
		},
		"node_modules/@talla-ui/web-handler": {
			"resolved": "../web-handler",
			"link": true
		}
	}
}
