{
	"name": "talla-ui",
	"version": "4.0.0-dev.47",
	"lockfileVersion": 2,
	"requires": true,
	"packages": {
		"": {
			"name": "talla-ui",
			"version": "4.0.0-dev.47",
			"license": "MIT",
			"dependencies": {
				"tslib": "^2.7.0"
			},
			"devDependencies": {
				"@talla-ui/test-handler": "file:../test-handler"
			}
		},
		"../test-handler": {
			"name": "@talla-ui/test-handler",
			"version": "4.0.0-dev.47",
			"dev": true,
			"license": "MIT",
			"devDependencies": {
				"talla-ui": "file:../core"
			},
			"peerDependencies": {
				"talla-ui": "4.0.0-dev.47"
			}
		},
		"node_modules/@talla-ui/test-handler": {
			"resolved": "../test-handler",
			"link": true
		},
		"node_modules/tslib": {
			"version": "2.7.0",
			"resolved": "https://registry.npmjs.org/tslib/-/tslib-2.7.0.tgz",
			"integrity": "sha512-gLXCKdN1/j47AiHiOkJN69hJmcbGTHI0ImLmbYLHykhgeN0jVGola9yVjFgzCUklsZQMW55o+dW7IXv3RCXDzA=="
		}
	},
	"dependencies": {
		"@talla-ui/test-handler": {
			"version": "file:../test-handler",
			"requires": {
				"talla-ui": "file:../core"
			}
		},
		"tslib": {
			"version": "2.7.0",
			"resolved": "https://registry.npmjs.org/tslib/-/tslib-2.7.0.tgz",
			"integrity": "sha512-gLXCKdN1/j47AiHiOkJN69hJmcbGTHI0ImLmbYLHykhgeN0jVGola9yVjFgzCUklsZQMW55o+dW7IXv3RCXDzA=="
		}
	}
}
