{
	"name": "talla",
	"version": "0.0.0",
	"lockfileVersion": 2,
	"requires": true,
	"packages": {
		"": {
			"name": "talla",
			"version": "0.0.0",
			"license": "MIT",
			"dependencies": {
				"tslib": "^2.6.3"
			},
			"devDependencies": {
				"@talla-ui/test-handler": "file:../test-handler"
			}
		},
		"../frame-test": {
			"name": "@talla-ui/test",
			"version": "0.0.0",
			"extraneous": true,
			"license": "MIT",
			"devDependencies": {
				"@talla-ui/core": "file:../frame-core"
			}
		},
		"../test-handler": {
			"name": "@talla-ui/test-handler",
			"version": "0.0.0",
			"dev": true,
			"license": "MIT",
			"devDependencies": {
				"talla": "file:../core"
			}
		},
		"node_modules/@talla-ui/test-handler": {
			"resolved": "../test-handler",
			"link": true
		},
		"node_modules/tslib": {
			"version": "2.6.3",
			"license": "0BSD"
		}
	},
	"dependencies": {
		"@talla-ui/test-handler": {
			"version": "file:../test-handler",
			"requires": {
				"talla": "file:../core"
			}
		},
		"tslib": {
			"version": "2.6.3"
		}
	}
}
