{
	"name": "@desk-framework/frame-core",
	"version": "0.0.0",
	"lockfileVersion": 2,
	"requires": true,
	"packages": {
		"": {
			"name": "@desk-framework/frame-core",
			"version": "0.0.0",
			"license": "MIT",
			"dependencies": {
				"tslib": "^2.6.3"
			},
			"devDependencies": {
				"@desk-framework/frame-test": "file:../frame-test"
			}
		},
		"../frame-test": {
			"name": "@desk-framework/frame-test",
			"version": "0.0.0",
			"dev": true,
			"license": "MIT",
			"devDependencies": {
				"@desk-framework/frame-core": "file:../frame-core"
			}
		},
		"../frame-test/node_modules/@desk-framework/frame-core": {
			"resolved": "",
			"link": true
		},
		"node_modules/@desk-framework/frame-test": {
			"resolved": "../frame-test",
			"link": true
		},
		"node_modules/tslib": {
			"version": "2.6.3",
			"license": "0BSD"
		}
	},
	"dependencies": {
		"@desk-framework/frame-test": {
			"version": "file:../frame-test",
			"requires": {
				"@desk-framework/frame-core": "file:../frame-core"
			}
		},
		"tslib": {
			"version": "2.6.3"
		}
	}
}
