{
	"name": "@desk-framework/frame-core",
	"version": "0.0.0",
	"lockfileVersion": 2,
	"requires": true,
	"packages": {
		"": {
			"name": "@desk-framework/frame-core",
			"version": "0.0.0",
			"license": "MIT",
			"dependencies": {
				"tslib": "^2.6.2"
			},
			"devDependencies": {
				"@desk-framework/frame-test": "file:../frame-test"
			}
		},
		"../frame-test": {
			"version": "0.0.0",
			"dev": true,
			"license": "MIT",
			"dependencies": {
				"@desk-framework/frame-core": "file:../frame-core"
			}
		},
		"node_modules/@desk-framework/frame-test": {
			"resolved": "../frame-test",
			"link": true
		},
		"node_modules/tslib": {
			"version": "2.6.2",
			"resolved": "https://registry.npmjs.org/tslib/-/tslib-2.6.2.tgz",
			"integrity": "sha512-AEYxH93jGFPn/a2iVAwW87VuUIkR1FVUKB77NwMF7nBTDkDrrT/Hpt/IrCJ0QXhW27jTBDcf5ZY7w6RiqTMw2Q=="
		}
	},
	"dependencies": {
		"@desk-framework/frame-test": {
			"version": "file:../frame-test",
			"requires": {
				"@desk-framework/frame-core": "file:../frame-core"
			}
		},
		"tslib": {
			"version": "2.6.2",
			"resolved": "https://registry.npmjs.org/tslib/-/tslib-2.6.2.tgz",
			"integrity": "sha512-AEYxH93jGFPn/a2iVAwW87VuUIkR1FVUKB77NwMF7nBTDkDrrT/Hpt/IrCJ0QXhW27jTBDcf5ZY7w6RiqTMw2Q=="
		}
	}
}
