{
	"name": "@talla-ui/docs",
	"version": "0.0.0",
	"lockfileVersion": 2,
	"requires": true,
	"packages": {
		"": {
			"name": "@talla-ui/docs",
			"version": "0.0.0",
			"hasInstallScript": true,
			"license": "MIT",
			"devDependencies": {
				"@talla-ui/docgen": "file:../packages/docgen",
				"@talla-ui/test-handler": "file:../packages/test-handler",
				"@talla-ui/web-handler": "file:../packages/web-handler",
				"html-entities": "^2.5.2",
				"talla-ui": "file:../packages/core"
			}
		},
		"../packages/core": {
			"name": "@talla-ui/core",
			"version": "4.0.0-dev.88",
			"dev": true,
			"license": "MIT",
			"dependencies": {
				"tslib": "^2.7.0"
			},
			"devDependencies": {
				"@talla-ui/test-handler": "file:../test-handler",
				"@talla-ui/util": "file:../util"
			},
			"peerDependencies": {
				"@talla-ui/util": "4.0.0-dev.88"
			}
		},
		"../packages/docgen": {
			"name": "@talla-ui/docgen",
			"version": "4.0.0-dev.88",
			"dev": true,
			"license": "MIT",
			"dependencies": {
				"clean-css": "^5.3.3",
				"glob": "^11.0.0",
				"highlight.js": "^11.8.0",
				"html-entities": "^2.5.2",
				"html-minifier-terser": "^7.2.0",
				"js-yaml": "^4.1.0",
				"marked": "^9.0.3",
				"marked-highlight": "^2.0.6",
				"marked-smartypants": "^1.1.3",
				"terser": "^5.31.6"
			},
			"bin": {
				"docgen": "cli/index.js"
			},
			"devDependencies": {
				"@types/clean-css": "^4.2.11",
				"@types/html-minifier-terser": "^7.0.2",
				"@types/js-yaml": "^4.0.9",
				"@types/marked": "^5.0.1",
				"@types/node": "latest",
				"rimraf": "^6.0.1",
				"typescript": "latest"
			}
		},
		"../packages/test-handler": {
			"name": "@talla-ui/test-handler",
			"version": "4.0.0-dev.88",
			"dev": true,
			"license": "MIT",
			"devDependencies": {
				"@talla-ui/core": "file:../core",
				"@talla-ui/util": "file:../util"
			},
			"peerDependencies": {
				"@talla-ui/core": "4.0.0-dev.88",
				"@talla-ui/util": "4.0.0-dev.88"
			}
		},
		"../packages/web-handler": {
			"name": "@talla-ui/web-handler",
			"version": "4.0.0-dev.88",
			"dev": true,
			"license": "MIT",
			"devDependencies": {
				"@talla-ui/core": "file:../core",
				"@talla-ui/util": "file:../util"
			},
			"peerDependencies": {
				"@talla-ui/core": "4.0.0-dev.88",
				"@talla-ui/util": "4.0.0-dev.88"
			}
		},
		"node_modules/@talla-ui/docgen": {
			"resolved": "../packages/docgen",
			"link": true
		},
		"node_modules/@talla-ui/test-handler": {
			"resolved": "../packages/test-handler",
			"link": true
		},
		"node_modules/@talla-ui/web-handler": {
			"resolved": "../packages/web-handler",
			"link": true
		},
		"node_modules/html-entities": {
			"version": "2.5.2",
			"resolved": "https://registry.npmjs.org/html-entities/-/html-entities-2.5.2.tgz",
			"integrity": "sha512-K//PSRMQk4FZ78Kyau+mZurHn3FH0Vwr+H36eE0rPbeYkRRi9YxceYPhuN60UwWorxyKHhqoAJl2OFKa4BVtaA==",
			"dev": true,
			"funding": [
				{
					"type": "github",
					"url": "https://github.com/sponsors/mdevils"
				},
				{
					"type": "patreon",
					"url": "https://patreon.com/mdevils"
				}
			]
		},
		"node_modules/talla-ui": {
			"resolved": "../packages/core",
			"link": true
		}
	},
	"dependencies": {
		"@talla-ui/docgen": {
			"version": "file:../packages/docgen",
			"requires": {
				"@types/clean-css": "^4.2.11",
				"@types/html-minifier-terser": "^7.0.2",
				"@types/js-yaml": "^4.0.9",
				"@types/marked": "^5.0.1",
				"@types/node": "latest",
				"clean-css": "^5.3.3",
				"glob": "^11.0.0",
				"highlight.js": "^11.8.0",
				"html-entities": "^2.5.2",
				"html-minifier-terser": "^7.2.0",
				"js-yaml": "^4.1.0",
				"marked": "^9.0.3",
				"marked-highlight": "^2.0.6",
				"marked-smartypants": "^1.1.3",
				"rimraf": "^6.0.1",
				"terser": "^5.31.6",
				"typescript": "latest"
			}
		},
		"@talla-ui/test-handler": {
			"version": "file:../packages/test-handler",
			"requires": {
				"@talla-ui/core": "file:../core",
				"@talla-ui/util": "file:../util"
			}
		},
		"@talla-ui/web-handler": {
			"version": "file:../packages/web-handler",
			"requires": {
				"@talla-ui/core": "file:../core",
				"@talla-ui/util": "file:../util"
			}
		},
		"html-entities": {
			"version": "2.5.2",
			"resolved": "https://registry.npmjs.org/html-entities/-/html-entities-2.5.2.tgz",
			"integrity": "sha512-K//PSRMQk4FZ78Kyau+mZurHn3FH0Vwr+H36eE0rPbeYkRRi9YxceYPhuN60UwWorxyKHhqoAJl2OFKa4BVtaA==",
			"dev": true
		},
		"talla-ui": {
			"version": "file:../packages/core",
			"requires": {
				"@talla-ui/test-handler": "file:../test-handler",
				"@talla-ui/util": "file:../util",
				"tslib": "^2.7.0"
			}
		}
	}
}
