{
	"name": "@desk-framework/docs",
	"version": "0.0.0",
	"lockfileVersion": 2,
	"requires": true,
	"packages": {
		"": {
			"name": "@desk-framework/docs",
			"version": "0.0.0",
			"hasInstallScript": true,
			"license": "MIT",
			"devDependencies": {
				"@desk-framework/docgen": "file:./docgen",
				"@desk-framework/frame-core": "file:../packages/frame-core",
				"@desk-framework/frame-test": "file:../packages/frame-test",
				"@desk-framework/frame-web": "file:../packages/frame-web"
			}
		},
		"../packages/frame-core": {
			"name": "@desk-framework/frame-core",
			"version": "0.0.0",
			"dev": true,
			"license": "MIT",
			"dependencies": {
				"tslib": "^2.6.2"
			},
			"devDependencies": {
				"@desk-framework/frame-test": "file:../frame-test"
			}
		},
		"../packages/frame-test": {
			"name": "@desk-framework/frame-test",
			"version": "0.0.0",
			"dev": true,
			"license": "MIT",
			"dependencies": {
				"@desk-framework/frame-core": "file:../frame-core"
			}
		},
		"../packages/frame-web": {
			"name": "@desk-framework/frame-web",
			"version": "0.0.0",
			"dev": true,
			"license": "MIT",
			"dependencies": {
				"@desk-framework/frame-core": "file:../frame-core",
				"tslib": "^2.6.2"
			}
		},
		"docgen": {
			"name": "@desk-framework/docgen",
			"version": "0.0.0",
			"dev": true,
			"license": "MIT",
			"devDependencies": {
				"@types/html-minifier-terser": "^7.0.0",
				"@types/js-yaml": "^4.0.6",
				"@types/marked": "^5.0.1",
				"highlight.js": "^11.8.0",
				"html-entities": "^2.4.0",
				"html-minifier-terser": "^7.2.0",
				"js-yaml": "^4.1.0",
				"marked": "^9.0.3",
				"marked-highlight": "^2.0.6",
				"marked-smartypants": "^1.1.3"
			}
		},
		"node_modules/@desk-framework/docgen": {
			"resolved": "docgen",
			"link": true
		},
		"node_modules/@desk-framework/frame-core": {
			"resolved": "../packages/frame-core",
			"link": true
		},
		"node_modules/@desk-framework/frame-test": {
			"resolved": "../packages/frame-test",
			"link": true
		},
		"node_modules/@desk-framework/frame-web": {
			"resolved": "../packages/frame-web",
			"link": true
		},
		"node_modules/@jridgewell/gen-mapping": {
			"version": "0.3.3",
			"resolved": "https://registry.npmjs.org/@jridgewell/gen-mapping/-/gen-mapping-0.3.3.tgz",
			"integrity": "sha512-HLhSWOLRi875zjjMG/r+Nv0oCW8umGb0BgEhyX3dDX3egwZtB8PqLnjz3yedt8R5StBrzcg4aBpnh8UA9D1BoQ==",
			"dev": true,
			"dependencies": {
				"@jridgewell/set-array": "^1.0.1",
				"@jridgewell/sourcemap-codec": "^1.4.10",
				"@jridgewell/trace-mapping": "^0.3.9"
			},
			"engines": {
				"node": ">=6.0.0"
			}
		},
		"node_modules/@jridgewell/resolve-uri": {
			"version": "3.1.1",
			"resolved": "https://registry.npmjs.org/@jridgewell/resolve-uri/-/resolve-uri-3.1.1.tgz",
			"integrity": "sha512-dSYZh7HhCDtCKm4QakX0xFpsRDqjjtZf/kjI/v3T3Nwt5r8/qz/M19F9ySyOqU94SXBmeG9ttTul+YnR4LOxFA==",
			"dev": true,
			"engines": {
				"node": ">=6.0.0"
			}
		},
		"node_modules/@jridgewell/set-array": {
			"version": "1.1.2",
			"resolved": "https://registry.npmjs.org/@jridgewell/set-array/-/set-array-1.1.2.tgz",
			"integrity": "sha512-xnkseuNADM0gt2bs+BvhO0p78Mk762YnZdsuzFV018NoG1Sj1SCQvpSqa7XUaTam5vAGasABV9qXASMKnFMwMw==",
			"dev": true,
			"engines": {
				"node": ">=6.0.0"
			}
		},
		"node_modules/@jridgewell/source-map": {
			"version": "0.3.5",
			"resolved": "https://registry.npmjs.org/@jridgewell/source-map/-/source-map-0.3.5.tgz",
			"integrity": "sha512-UTYAUj/wviwdsMfzoSJspJxbkH5o1snzwX0//0ENX1u/55kkZZkcTZP6u9bwKGkv+dkk9at4m1Cpt0uY80kcpQ==",
			"dev": true,
			"dependencies": {
				"@jridgewell/gen-mapping": "^0.3.0",
				"@jridgewell/trace-mapping": "^0.3.9"
			}
		},
		"node_modules/@jridgewell/sourcemap-codec": {
			"version": "1.4.15",
			"resolved": "https://registry.npmjs.org/@jridgewell/sourcemap-codec/-/sourcemap-codec-1.4.15.tgz",
			"integrity": "sha512-eF2rxCRulEKXHTRiDrDy6erMYWqNw4LPdQ8UQA4huuxaQsVeRPFl2oM8oDGxMFhJUWZf9McpLtJasDDZb/Bpeg==",
			"dev": true
		},
		"node_modules/@jridgewell/trace-mapping": {
			"version": "0.3.19",
			"resolved": "https://registry.npmjs.org/@jridgewell/trace-mapping/-/trace-mapping-0.3.19.tgz",
			"integrity": "sha512-kf37QtfW+Hwx/buWGMPcR60iF9ziHa6r/CZJIHbmcm4+0qrXiVdxegAH0F6yddEVQ7zdkjcGCgCzUu+BcbhQxw==",
			"dev": true,
			"dependencies": {
				"@jridgewell/resolve-uri": "^3.1.0",
				"@jridgewell/sourcemap-codec": "^1.4.14"
			}
		},
		"node_modules/@types/html-minifier-terser": {
			"version": "7.0.0",
			"resolved": "https://registry.npmjs.org/@types/html-minifier-terser/-/html-minifier-terser-7.0.0.tgz",
			"integrity": "sha512-hw3bhStrg5e3FQT8qZKCJTrzt/UbEaunU1xRWJ+aNOTmeBMvE3S4Ml2HiiNnZgL8izu0LFVkHUoPFXL1s5QNpQ==",
			"dev": true
		},
		"node_modules/@types/js-yaml": {
			"version": "4.0.6",
			"resolved": "https://registry.npmjs.org/@types/js-yaml/-/js-yaml-4.0.6.tgz",
			"integrity": "sha512-ACTuifTSIIbyksx2HTon3aFtCKWcID7/h3XEmRpDYdMCXxPbl+m9GteOJeaAkiAta/NJaSFuA7ahZ0NkwajDSw==",
			"dev": true
		},
		"node_modules/@types/marked": {
			"version": "5.0.1",
			"resolved": "https://registry.npmjs.org/@types/marked/-/marked-5.0.1.tgz",
			"integrity": "sha512-Y3pAUzHKh605fN6fvASsz5FDSWbZcs/65Q6xYRmnIP9ZIYz27T4IOmXfH9gWJV1dpi7f1e7z7nBGUTx/a0ptpA==",
			"dev": true
		},
		"node_modules/acorn": {
			"version": "8.10.0",
			"resolved": "https://registry.npmjs.org/acorn/-/acorn-8.10.0.tgz",
			"integrity": "sha512-F0SAmZ8iUtS//m8DmCTA0jlh6TDKkHQyK6xc6V4KDTyZKA9dnvX9/3sRTVQrWm79glUAZbnmmNcdYwUIHWVybw==",
			"dev": true,
			"bin": {
				"acorn": "bin/acorn"
			},
			"engines": {
				"node": ">=0.4.0"
			}
		},
		"node_modules/argparse": {
			"version": "2.0.1",
			"resolved": "https://registry.npmjs.org/argparse/-/argparse-2.0.1.tgz",
			"integrity": "sha512-8+9WqebbFzpX9OR+Wa6O29asIogeRMzcGtAINdpMHHyAg10f05aSFVBbcEqGf/PXw1EjAZ+q2/bEBg3DvurK3Q==",
			"dev": true
		},
		"node_modules/buffer-from": {
			"version": "1.1.2",
			"resolved": "https://registry.npmjs.org/buffer-from/-/buffer-from-1.1.2.tgz",
			"integrity": "sha512-E+XQCRwSbaaiChtv6k6Dwgc+bx+Bs6vuKJHHl5kox/BaKbhiXzqQOwK4cO22yElGp2OCmjwVhT3HmxgyPGnJfQ==",
			"dev": true
		},
		"node_modules/camel-case": {
			"version": "4.1.2",
			"resolved": "https://registry.npmjs.org/camel-case/-/camel-case-4.1.2.tgz",
			"integrity": "sha512-gxGWBrTT1JuMx6R+o5PTXMmUnhnVzLQ9SNutD4YqKtI6ap897t3tKECYla6gCWEkplXnlNybEkZg9GEGxKFCgw==",
			"dev": true,
			"dependencies": {
				"pascal-case": "^3.1.2",
				"tslib": "^2.0.3"
			}
		},
		"node_modules/clean-css": {
			"version": "5.3.2",
			"resolved": "https://registry.npmjs.org/clean-css/-/clean-css-5.3.2.tgz",
			"integrity": "sha512-JVJbM+f3d3Q704rF4bqQ5UUyTtuJ0JRKNbTKVEeujCCBoMdkEi+V+e8oktO9qGQNSvHrFTM6JZRXrUvGR1czww==",
			"dev": true,
			"dependencies": {
				"source-map": "~0.6.0"
			},
			"engines": {
				"node": ">= 10.0"
			}
		},
		"node_modules/commander": {
			"version": "10.0.1",
			"resolved": "https://registry.npmjs.org/commander/-/commander-10.0.1.tgz",
			"integrity": "sha512-y4Mg2tXshplEbSGzx7amzPwKKOCGuoSRP/CjEdwwk0FOGlUbq6lKuoyDZTNZkmxHdJtp54hdfY/JUrdL7Xfdug==",
			"dev": true,
			"engines": {
				"node": ">=14"
			}
		},
		"node_modules/dot-case": {
			"version": "3.0.4",
			"resolved": "https://registry.npmjs.org/dot-case/-/dot-case-3.0.4.tgz",
			"integrity": "sha512-Kv5nKlh6yRrdrGvxeJ2e5y2eRUpkUosIW4A2AS38zwSz27zu7ufDwQPi5Jhs3XAlGNetl3bmnGhQsMtkKJnj3w==",
			"dev": true,
			"dependencies": {
				"no-case": "^3.0.4",
				"tslib": "^2.0.3"
			}
		},
		"node_modules/highlight.js": {
			"version": "11.8.0",
			"resolved": "https://registry.npmjs.org/highlight.js/-/highlight.js-11.8.0.tgz",
			"integrity": "sha512-MedQhoqVdr0U6SSnWPzfiadUcDHfN/Wzq25AkXiQv9oiOO/sG0S7XkvpFIqWBl9Yq1UYyYOOVORs5UW2XlPyzg==",
			"dev": true,
			"engines": {
				"node": ">=12.0.0"
			}
		},
		"node_modules/html-entities": {
			"version": "2.4.0",
			"resolved": "https://registry.npmjs.org/html-entities/-/html-entities-2.4.0.tgz",
			"integrity": "sha512-igBTJcNNNhvZFRtm8uA6xMY6xYleeDwn3PeBCkDz7tHttv4F2hsDI2aPgNERWzvRcNYHNT3ymRaQzllmXj4YsQ==",
			"dev": true,
			"funding": [
				{
					"type": "github",
					"url": "https://github.com/sponsors/mdevils"
				},
				{
					"type": "patreon",
					"url": "https://patreon.com/mdevils"
				}
			]
		},
		"node_modules/html-minifier-terser": {
			"version": "7.2.0",
			"resolved": "https://registry.npmjs.org/html-minifier-terser/-/html-minifier-terser-7.2.0.tgz",
			"integrity": "sha512-tXgn3QfqPIpGl9o+K5tpcj3/MN4SfLtsx2GWwBC3SSd0tXQGyF3gsSqad8loJgKZGM3ZxbYDd5yhiBIdWpmvLA==",
			"dev": true,
			"dependencies": {
				"camel-case": "^4.1.2",
				"clean-css": "~5.3.2",
				"commander": "^10.0.0",
				"entities": "^4.4.0",
				"param-case": "^3.0.4",
				"relateurl": "^0.2.7",
				"terser": "^5.15.1"
			},
			"bin": {
				"html-minifier-terser": "cli.js"
			},
			"engines": {
				"node": "^14.13.1 || >=16.0.0"
			}
		},
		"node_modules/html-minifier-terser/node_modules/entities": {
			"version": "4.5.0",
			"resolved": "https://registry.npmjs.org/entities/-/entities-4.5.0.tgz",
			"integrity": "sha512-V0hjH4dGPh9Ao5p0MoRY6BVqtwCjhz6vI5LT8AJ55H+4g9/4vbHx1I54fS0XuclLhDHArPQCiMjDxjaL8fPxhw==",
			"dev": true,
			"engines": {
				"node": ">=0.12"
			},
			"funding": {
				"url": "https://github.com/fb55/entities?sponsor=1"
			}
		},
		"node_modules/js-yaml": {
			"version": "4.1.0",
			"resolved": "https://registry.npmjs.org/js-yaml/-/js-yaml-4.1.0.tgz",
			"integrity": "sha512-wpxZs9NoxZaJESJGIZTyDEaYpl0FKSA+FB9aJiyemKhMwkxQg63h4T1KJgUGHpTqPDNRcmmYLugrRjJlBtWvRA==",
			"dev": true,
			"dependencies": {
				"argparse": "^2.0.1"
			},
			"bin": {
				"js-yaml": "bin/js-yaml.js"
			}
		},
		"node_modules/lower-case": {
			"version": "2.0.2",
			"resolved": "https://registry.npmjs.org/lower-case/-/lower-case-2.0.2.tgz",
			"integrity": "sha512-7fm3l3NAF9WfN6W3JOmf5drwpVqX78JtoGJ3A6W0a6ZnldM41w2fV5D490psKFTpMds8TJse/eHLFFsNHHjHgg==",
			"dev": true,
			"dependencies": {
				"tslib": "^2.0.3"
			}
		},
		"node_modules/marked": {
			"version": "9.0.3",
			"resolved": "https://registry.npmjs.org/marked/-/marked-9.0.3.tgz",
			"integrity": "sha512-pI/k4nzBG1PEq1J3XFEHxVvjicfjl8rgaMaqclouGSMPhk7Q3Ejb2ZRxx/ZQOcQ1909HzVoWCFYq6oLgtL4BpQ==",
			"dev": true,
			"bin": {
				"marked": "bin/marked.js"
			},
			"engines": {
				"node": ">= 16"
			}
		},
		"node_modules/marked-highlight": {
			"version": "2.0.6",
			"resolved": "https://registry.npmjs.org/marked-highlight/-/marked-highlight-2.0.6.tgz",
			"integrity": "sha512-xjA/C6xgXAfkkYg+YHnxdjmgFyTDtqqu8KbZiqh+COJ7PuzR15kqa+rPrs6pf/2jExXtG1jyCFUHmv9s0Bi/dQ==",
			"dev": true,
			"peerDependencies": {
				"marked": ">=4 <10"
			}
		},
		"node_modules/marked-smartypants": {
			"version": "1.1.3",
			"resolved": "https://registry.npmjs.org/marked-smartypants/-/marked-smartypants-1.1.3.tgz",
			"integrity": "sha512-GfRM03EmgmOw/QhJHJX9gWfA6M1AtO2y5Neo/V5dlLDK0L0gvgWUGcAcnWGLifQwt+OO2rhAQiYcjVe46fSN5A==",
			"dev": true,
			"dependencies": {
				"smartypants": "^0.2.2"
			},
			"peerDependencies": {
				"marked": ">=4 <10"
			}
		},
		"node_modules/no-case": {
			"version": "3.0.4",
			"resolved": "https://registry.npmjs.org/no-case/-/no-case-3.0.4.tgz",
			"integrity": "sha512-fgAN3jGAh+RoxUGZHTSOLJIqUc2wmoBwGR4tbpNAKmmovFoWq0OdRkb0VkldReO2a2iBT/OEulG9XSUc10r3zg==",
			"dev": true,
			"dependencies": {
				"lower-case": "^2.0.2",
				"tslib": "^2.0.3"
			}
		},
		"node_modules/param-case": {
			"version": "3.0.4",
			"resolved": "https://registry.npmjs.org/param-case/-/param-case-3.0.4.tgz",
			"integrity": "sha512-RXlj7zCYokReqWpOPH9oYivUzLYZ5vAPIfEmCTNViosC78F8F0H9y7T7gG2M39ymgutxF5gcFEsyZQSph9Bp3A==",
			"dev": true,
			"dependencies": {
				"dot-case": "^3.0.4",
				"tslib": "^2.0.3"
			}
		},
		"node_modules/pascal-case": {
			"version": "3.1.2",
			"resolved": "https://registry.npmjs.org/pascal-case/-/pascal-case-3.1.2.tgz",
			"integrity": "sha512-uWlGT3YSnK9x3BQJaOdcZwrnV6hPpd8jFH1/ucpiLRPh/2zCVJKS19E4GvYHvaCcACn3foXZ0cLB9Wrx1KGe5g==",
			"dev": true,
			"dependencies": {
				"no-case": "^3.0.4",
				"tslib": "^2.0.3"
			}
		},
		"node_modules/relateurl": {
			"version": "0.2.7",
			"resolved": "https://registry.npmjs.org/relateurl/-/relateurl-0.2.7.tgz",
			"integrity": "sha512-G08Dxvm4iDN3MLM0EsP62EDV9IuhXPR6blNz6Utcp7zyV3tr4HVNINt6MpaRWbxoOHT3Q7YN2P+jaHX8vUbgog==",
			"dev": true,
			"engines": {
				"node": ">= 0.10"
			}
		},
		"node_modules/smartypants": {
			"version": "0.2.2",
			"resolved": "https://registry.npmjs.org/smartypants/-/smartypants-0.2.2.tgz",
			"integrity": "sha512-TzobUYoEft/xBtb2voRPryAUIvYguG0V7Tt3de79I1WfXgCwelqVsGuZSnu3GFGRZhXR90AeEYIM+icuB/S06Q==",
			"dev": true,
			"bin": {
				"smartypants": "bin/smartypants.js",
				"smartypantsu": "bin/smartypantsu.js"
			}
		},
		"node_modules/source-map": {
			"version": "0.6.1",
			"resolved": "https://registry.npmjs.org/source-map/-/source-map-0.6.1.tgz",
			"integrity": "sha512-UjgapumWlbMhkBgzT7Ykc5YXUT46F0iKu8SGXq0bcwP5dz/h0Plj6enJqjz1Zbq2l5WaqYnrVbwWOWMyF3F47g==",
			"dev": true,
			"engines": {
				"node": ">=0.10.0"
			}
		},
		"node_modules/source-map-support": {
			"version": "0.5.21",
			"resolved": "https://registry.npmjs.org/source-map-support/-/source-map-support-0.5.21.tgz",
			"integrity": "sha512-uBHU3L3czsIyYXKX88fdrGovxdSCoTGDRZ6SYXtSRxLZUzHg5P/66Ht6uoUlHu9EZod+inXhKo3qQgwXUT/y1w==",
			"dev": true,
			"dependencies": {
				"buffer-from": "^1.0.0",
				"source-map": "^0.6.0"
			}
		},
		"node_modules/terser": {
			"version": "5.20.0",
			"resolved": "https://registry.npmjs.org/terser/-/terser-5.20.0.tgz",
			"integrity": "sha512-e56ETryaQDyebBwJIWYB2TT6f2EZ0fL0sW/JRXNMN26zZdKi2u/E/5my5lG6jNxym6qsrVXfFRmOdV42zlAgLQ==",
			"dev": true,
			"dependencies": {
				"@jridgewell/source-map": "^0.3.3",
				"acorn": "^8.8.2",
				"commander": "^2.20.0",
				"source-map-support": "~0.5.20"
			},
			"bin": {
				"terser": "bin/terser"
			},
			"engines": {
				"node": ">=10"
			}
		},
		"node_modules/terser/node_modules/commander": {
			"version": "2.20.3",
			"resolved": "https://registry.npmjs.org/commander/-/commander-2.20.3.tgz",
			"integrity": "sha512-GpVkmM8vF2vQUkj2LvZmD35JxeJOLCwJ9cUkugyk2nuhbv3+mJvpLYYt+0+USMxE+oj+ey/lJEnhZw75x/OMcQ==",
			"dev": true
		},
		"node_modules/tslib": {
			"version": "2.6.2",
			"resolved": "https://registry.npmjs.org/tslib/-/tslib-2.6.2.tgz",
			"integrity": "sha512-AEYxH93jGFPn/a2iVAwW87VuUIkR1FVUKB77NwMF7nBTDkDrrT/Hpt/IrCJ0QXhW27jTBDcf5ZY7w6RiqTMw2Q==",
			"dev": true
		}
	},
	"dependencies": {
		"@desk-framework/docgen": {
			"version": "file:docgen",
			"requires": {
				"@types/html-minifier-terser": "^7.0.0",
				"@types/js-yaml": "^4.0.6",
				"@types/marked": "^5.0.1",
				"highlight.js": "^11.8.0",
				"html-entities": "^2.4.0",
				"html-minifier-terser": "^7.2.0",
				"js-yaml": "^4.1.0",
				"marked": "^9.0.3",
				"marked-highlight": "^2.0.6",
				"marked-smartypants": "^1.1.3"
			}
		},
		"@desk-framework/frame-core": {
			"version": "file:../packages/frame-core",
			"requires": {
				"@desk-framework/frame-test": "file:../frame-test",
				"tslib": "^2.6.2"
			}
		},
		"@desk-framework/frame-test": {
			"version": "file:../packages/frame-test",
			"requires": {
				"@desk-framework/frame-core": "file:../frame-core"
			}
		},
		"@desk-framework/frame-web": {
			"version": "file:../packages/frame-web",
			"requires": {
				"@desk-framework/frame-core": "file:../frame-core",
				"tslib": "^2.6.2"
			}
		},
		"@jridgewell/gen-mapping": {
			"version": "0.3.3",
			"resolved": "https://registry.npmjs.org/@jridgewell/gen-mapping/-/gen-mapping-0.3.3.tgz",
			"integrity": "sha512-HLhSWOLRi875zjjMG/r+Nv0oCW8umGb0BgEhyX3dDX3egwZtB8PqLnjz3yedt8R5StBrzcg4aBpnh8UA9D1BoQ==",
			"dev": true,
			"requires": {
				"@jridgewell/set-array": "^1.0.1",
				"@jridgewell/sourcemap-codec": "^1.4.10",
				"@jridgewell/trace-mapping": "^0.3.9"
			}
		},
		"@jridgewell/resolve-uri": {
			"version": "3.1.1",
			"resolved": "https://registry.npmjs.org/@jridgewell/resolve-uri/-/resolve-uri-3.1.1.tgz",
			"integrity": "sha512-dSYZh7HhCDtCKm4QakX0xFpsRDqjjtZf/kjI/v3T3Nwt5r8/qz/M19F9ySyOqU94SXBmeG9ttTul+YnR4LOxFA==",
			"dev": true
		},
		"@jridgewell/set-array": {
			"version": "1.1.2",
			"resolved": "https://registry.npmjs.org/@jridgewell/set-array/-/set-array-1.1.2.tgz",
			"integrity": "sha512-xnkseuNADM0gt2bs+BvhO0p78Mk762YnZdsuzFV018NoG1Sj1SCQvpSqa7XUaTam5vAGasABV9qXASMKnFMwMw==",
			"dev": true
		},
		"@jridgewell/source-map": {
			"version": "0.3.5",
			"resolved": "https://registry.npmjs.org/@jridgewell/source-map/-/source-map-0.3.5.tgz",
			"integrity": "sha512-UTYAUj/wviwdsMfzoSJspJxbkH5o1snzwX0//0ENX1u/55kkZZkcTZP6u9bwKGkv+dkk9at4m1Cpt0uY80kcpQ==",
			"dev": true,
			"requires": {
				"@jridgewell/gen-mapping": "^0.3.0",
				"@jridgewell/trace-mapping": "^0.3.9"
			}
		},
		"@jridgewell/sourcemap-codec": {
			"version": "1.4.15",
			"resolved": "https://registry.npmjs.org/@jridgewell/sourcemap-codec/-/sourcemap-codec-1.4.15.tgz",
			"integrity": "sha512-eF2rxCRulEKXHTRiDrDy6erMYWqNw4LPdQ8UQA4huuxaQsVeRPFl2oM8oDGxMFhJUWZf9McpLtJasDDZb/Bpeg==",
			"dev": true
		},
		"@jridgewell/trace-mapping": {
			"version": "0.3.19",
			"resolved": "https://registry.npmjs.org/@jridgewell/trace-mapping/-/trace-mapping-0.3.19.tgz",
			"integrity": "sha512-kf37QtfW+Hwx/buWGMPcR60iF9ziHa6r/CZJIHbmcm4+0qrXiVdxegAH0F6yddEVQ7zdkjcGCgCzUu+BcbhQxw==",
			"dev": true,
			"requires": {
				"@jridgewell/resolve-uri": "^3.1.0",
				"@jridgewell/sourcemap-codec": "^1.4.14"
			}
		},
		"@types/html-minifier-terser": {
			"version": "7.0.0",
			"resolved": "https://registry.npmjs.org/@types/html-minifier-terser/-/html-minifier-terser-7.0.0.tgz",
			"integrity": "sha512-hw3bhStrg5e3FQT8qZKCJTrzt/UbEaunU1xRWJ+aNOTmeBMvE3S4Ml2HiiNnZgL8izu0LFVkHUoPFXL1s5QNpQ==",
			"dev": true
		},
		"@types/js-yaml": {
			"version": "4.0.6",
			"resolved": "https://registry.npmjs.org/@types/js-yaml/-/js-yaml-4.0.6.tgz",
			"integrity": "sha512-ACTuifTSIIbyksx2HTon3aFtCKWcID7/h3XEmRpDYdMCXxPbl+m9GteOJeaAkiAta/NJaSFuA7ahZ0NkwajDSw==",
			"dev": true
		},
		"@types/marked": {
			"version": "5.0.1",
			"resolved": "https://registry.npmjs.org/@types/marked/-/marked-5.0.1.tgz",
			"integrity": "sha512-Y3pAUzHKh605fN6fvASsz5FDSWbZcs/65Q6xYRmnIP9ZIYz27T4IOmXfH9gWJV1dpi7f1e7z7nBGUTx/a0ptpA==",
			"dev": true
		},
		"acorn": {
			"version": "8.10.0",
			"resolved": "https://registry.npmjs.org/acorn/-/acorn-8.10.0.tgz",
			"integrity": "sha512-F0SAmZ8iUtS//m8DmCTA0jlh6TDKkHQyK6xc6V4KDTyZKA9dnvX9/3sRTVQrWm79glUAZbnmmNcdYwUIHWVybw==",
			"dev": true
		},
		"argparse": {
			"version": "2.0.1",
			"resolved": "https://registry.npmjs.org/argparse/-/argparse-2.0.1.tgz",
			"integrity": "sha512-8+9WqebbFzpX9OR+Wa6O29asIogeRMzcGtAINdpMHHyAg10f05aSFVBbcEqGf/PXw1EjAZ+q2/bEBg3DvurK3Q==",
			"dev": true
		},
		"buffer-from": {
			"version": "1.1.2",
			"resolved": "https://registry.npmjs.org/buffer-from/-/buffer-from-1.1.2.tgz",
			"integrity": "sha512-E+XQCRwSbaaiChtv6k6Dwgc+bx+Bs6vuKJHHl5kox/BaKbhiXzqQOwK4cO22yElGp2OCmjwVhT3HmxgyPGnJfQ==",
			"dev": true
		},
		"camel-case": {
			"version": "4.1.2",
			"resolved": "https://registry.npmjs.org/camel-case/-/camel-case-4.1.2.tgz",
			"integrity": "sha512-gxGWBrTT1JuMx6R+o5PTXMmUnhnVzLQ9SNutD4YqKtI6ap897t3tKECYla6gCWEkplXnlNybEkZg9GEGxKFCgw==",
			"dev": true,
			"requires": {
				"pascal-case": "^3.1.2",
				"tslib": "^2.0.3"
			}
		},
		"clean-css": {
			"version": "5.3.2",
			"resolved": "https://registry.npmjs.org/clean-css/-/clean-css-5.3.2.tgz",
			"integrity": "sha512-JVJbM+f3d3Q704rF4bqQ5UUyTtuJ0JRKNbTKVEeujCCBoMdkEi+V+e8oktO9qGQNSvHrFTM6JZRXrUvGR1czww==",
			"dev": true,
			"requires": {
				"source-map": "~0.6.0"
			}
		},
		"commander": {
			"version": "10.0.1",
			"resolved": "https://registry.npmjs.org/commander/-/commander-10.0.1.tgz",
			"integrity": "sha512-y4Mg2tXshplEbSGzx7amzPwKKOCGuoSRP/CjEdwwk0FOGlUbq6lKuoyDZTNZkmxHdJtp54hdfY/JUrdL7Xfdug==",
			"dev": true
		},
		"dot-case": {
			"version": "3.0.4",
			"resolved": "https://registry.npmjs.org/dot-case/-/dot-case-3.0.4.tgz",
			"integrity": "sha512-Kv5nKlh6yRrdrGvxeJ2e5y2eRUpkUosIW4A2AS38zwSz27zu7ufDwQPi5Jhs3XAlGNetl3bmnGhQsMtkKJnj3w==",
			"dev": true,
			"requires": {
				"no-case": "^3.0.4",
				"tslib": "^2.0.3"
			}
		},
		"highlight.js": {
			"version": "11.8.0",
			"resolved": "https://registry.npmjs.org/highlight.js/-/highlight.js-11.8.0.tgz",
			"integrity": "sha512-MedQhoqVdr0U6SSnWPzfiadUcDHfN/Wzq25AkXiQv9oiOO/sG0S7XkvpFIqWBl9Yq1UYyYOOVORs5UW2XlPyzg==",
			"dev": true
		},
		"html-entities": {
			"version": "2.4.0",
			"resolved": "https://registry.npmjs.org/html-entities/-/html-entities-2.4.0.tgz",
			"integrity": "sha512-igBTJcNNNhvZFRtm8uA6xMY6xYleeDwn3PeBCkDz7tHttv4F2hsDI2aPgNERWzvRcNYHNT3ymRaQzllmXj4YsQ==",
			"dev": true
		},
		"html-minifier-terser": {
			"version": "7.2.0",
			"resolved": "https://registry.npmjs.org/html-minifier-terser/-/html-minifier-terser-7.2.0.tgz",
			"integrity": "sha512-tXgn3QfqPIpGl9o+K5tpcj3/MN4SfLtsx2GWwBC3SSd0tXQGyF3gsSqad8loJgKZGM3ZxbYDd5yhiBIdWpmvLA==",
			"dev": true,
			"requires": {
				"camel-case": "^4.1.2",
				"clean-css": "~5.3.2",
				"commander": "^10.0.0",
				"entities": "^4.4.0",
				"param-case": "^3.0.4",
				"relateurl": "^0.2.7",
				"terser": "^5.15.1"
			},
			"dependencies": {
				"entities": {
					"version": "4.5.0",
					"resolved": "https://registry.npmjs.org/entities/-/entities-4.5.0.tgz",
					"integrity": "sha512-V0hjH4dGPh9Ao5p0MoRY6BVqtwCjhz6vI5LT8AJ55H+4g9/4vbHx1I54fS0XuclLhDHArPQCiMjDxjaL8fPxhw==",
					"dev": true
				}
			}
		},
		"js-yaml": {
			"version": "4.1.0",
			"resolved": "https://registry.npmjs.org/js-yaml/-/js-yaml-4.1.0.tgz",
			"integrity": "sha512-wpxZs9NoxZaJESJGIZTyDEaYpl0FKSA+FB9aJiyemKhMwkxQg63h4T1KJgUGHpTqPDNRcmmYLugrRjJlBtWvRA==",
			"dev": true,
			"requires": {
				"argparse": "^2.0.1"
			}
		},
		"lower-case": {
			"version": "2.0.2",
			"resolved": "https://registry.npmjs.org/lower-case/-/lower-case-2.0.2.tgz",
			"integrity": "sha512-7fm3l3NAF9WfN6W3JOmf5drwpVqX78JtoGJ3A6W0a6ZnldM41w2fV5D490psKFTpMds8TJse/eHLFFsNHHjHgg==",
			"dev": true,
			"requires": {
				"tslib": "^2.0.3"
			}
		},
		"marked": {
			"version": "9.0.3",
			"resolved": "https://registry.npmjs.org/marked/-/marked-9.0.3.tgz",
			"integrity": "sha512-pI/k4nzBG1PEq1J3XFEHxVvjicfjl8rgaMaqclouGSMPhk7Q3Ejb2ZRxx/ZQOcQ1909HzVoWCFYq6oLgtL4BpQ==",
			"dev": true
		},
		"marked-highlight": {
			"version": "2.0.6",
			"resolved": "https://registry.npmjs.org/marked-highlight/-/marked-highlight-2.0.6.tgz",
			"integrity": "sha512-xjA/C6xgXAfkkYg+YHnxdjmgFyTDtqqu8KbZiqh+COJ7PuzR15kqa+rPrs6pf/2jExXtG1jyCFUHmv9s0Bi/dQ==",
			"dev": true,
			"requires": {}
		},
		"marked-smartypants": {
			"version": "1.1.3",
			"resolved": "https://registry.npmjs.org/marked-smartypants/-/marked-smartypants-1.1.3.tgz",
			"integrity": "sha512-GfRM03EmgmOw/QhJHJX9gWfA6M1AtO2y5Neo/V5dlLDK0L0gvgWUGcAcnWGLifQwt+OO2rhAQiYcjVe46fSN5A==",
			"dev": true,
			"requires": {
				"smartypants": "^0.2.2"
			}
		},
		"no-case": {
			"version": "3.0.4",
			"resolved": "https://registry.npmjs.org/no-case/-/no-case-3.0.4.tgz",
			"integrity": "sha512-fgAN3jGAh+RoxUGZHTSOLJIqUc2wmoBwGR4tbpNAKmmovFoWq0OdRkb0VkldReO2a2iBT/OEulG9XSUc10r3zg==",
			"dev": true,
			"requires": {
				"lower-case": "^2.0.2",
				"tslib": "^2.0.3"
			}
		},
		"param-case": {
			"version": "3.0.4",
			"resolved": "https://registry.npmjs.org/param-case/-/param-case-3.0.4.tgz",
			"integrity": "sha512-RXlj7zCYokReqWpOPH9oYivUzLYZ5vAPIfEmCTNViosC78F8F0H9y7T7gG2M39ymgutxF5gcFEsyZQSph9Bp3A==",
			"dev": true,
			"requires": {
				"dot-case": "^3.0.4",
				"tslib": "^2.0.3"
			}
		},
		"pascal-case": {
			"version": "3.1.2",
			"resolved": "https://registry.npmjs.org/pascal-case/-/pascal-case-3.1.2.tgz",
			"integrity": "sha512-uWlGT3YSnK9x3BQJaOdcZwrnV6hPpd8jFH1/ucpiLRPh/2zCVJKS19E4GvYHvaCcACn3foXZ0cLB9Wrx1KGe5g==",
			"dev": true,
			"requires": {
				"no-case": "^3.0.4",
				"tslib": "^2.0.3"
			}
		},
		"relateurl": {
			"version": "0.2.7",
			"resolved": "https://registry.npmjs.org/relateurl/-/relateurl-0.2.7.tgz",
			"integrity": "sha512-G08Dxvm4iDN3MLM0EsP62EDV9IuhXPR6blNz6Utcp7zyV3tr4HVNINt6MpaRWbxoOHT3Q7YN2P+jaHX8vUbgog==",
			"dev": true
		},
		"smartypants": {
			"version": "0.2.2",
			"resolved": "https://registry.npmjs.org/smartypants/-/smartypants-0.2.2.tgz",
			"integrity": "sha512-TzobUYoEft/xBtb2voRPryAUIvYguG0V7Tt3de79I1WfXgCwelqVsGuZSnu3GFGRZhXR90AeEYIM+icuB/S06Q==",
			"dev": true
		},
		"source-map": {
			"version": "0.6.1",
			"resolved": "https://registry.npmjs.org/source-map/-/source-map-0.6.1.tgz",
			"integrity": "sha512-UjgapumWlbMhkBgzT7Ykc5YXUT46F0iKu8SGXq0bcwP5dz/h0Plj6enJqjz1Zbq2l5WaqYnrVbwWOWMyF3F47g==",
			"dev": true
		},
		"source-map-support": {
			"version": "0.5.21",
			"resolved": "https://registry.npmjs.org/source-map-support/-/source-map-support-0.5.21.tgz",
			"integrity": "sha512-uBHU3L3czsIyYXKX88fdrGovxdSCoTGDRZ6SYXtSRxLZUzHg5P/66Ht6uoUlHu9EZod+inXhKo3qQgwXUT/y1w==",
			"dev": true,
			"requires": {
				"buffer-from": "^1.0.0",
				"source-map": "^0.6.0"
			}
		},
		"terser": {
			"version": "5.20.0",
			"resolved": "https://registry.npmjs.org/terser/-/terser-5.20.0.tgz",
			"integrity": "sha512-e56ETryaQDyebBwJIWYB2TT6f2EZ0fL0sW/JRXNMN26zZdKi2u/E/5my5lG6jNxym6qsrVXfFRmOdV42zlAgLQ==",
			"dev": true,
			"requires": {
				"@jridgewell/source-map": "^0.3.3",
				"acorn": "^8.8.2",
				"commander": "^2.20.0",
				"source-map-support": "~0.5.20"
			},
			"dependencies": {
				"commander": {
					"version": "2.20.3",
					"resolved": "https://registry.npmjs.org/commander/-/commander-2.20.3.tgz",
					"integrity": "sha512-GpVkmM8vF2vQUkj2LvZmD35JxeJOLCwJ9cUkugyk2nuhbv3+mJvpLYYt+0+USMxE+oj+ey/lJEnhZw75x/OMcQ==",
					"dev": true
				}
			}
		},
		"tslib": {
			"version": "2.6.2",
			"resolved": "https://registry.npmjs.org/tslib/-/tslib-2.6.2.tgz",
			"integrity": "sha512-AEYxH93jGFPn/a2iVAwW87VuUIkR1FVUKB77NwMF7nBTDkDrrT/Hpt/IrCJ0QXhW27jTBDcf5ZY7w6RiqTMw2Q==",
			"dev": true
		}
	}
}
