{
	"name": "@desk-framework/docs",
	"version": "0.0.0",
	"lockfileVersion": 2,
	"requires": true,
	"packages": {
		"": {
			"name": "@desk-framework/docs",
			"version": "0.0.0",
			"hasInstallScript": true,
			"license": "MIT",
			"devDependencies": {
				"@desk-framework/docgen": "file:../packages/docgen",
				"@desk-framework/frame-core": "file:../packages/frame-core",
				"@desk-framework/frame-test": "file:../packages/frame-test",
				"@desk-framework/frame-web": "file:../packages/frame-web"
			}
		},
		"../packages/docgen": {
			"name": "@desk-framework/docgen",
			"version": "0.0.0",
			"dev": true,
			"license": "MIT",
			"dependencies": {
				"clean-css": "^5.3.3",
				"glob": "^11.0.0",
				"highlight.js": "^11.8.0",
				"html-entities": "^2.5.2",
				"html-minifier-terser": "^7.2.0",
				"js-yaml": "^4.1.0",
				"marked": "^9.0.3",
				"marked-highlight": "^2.0.6",
				"marked-smartypants": "^1.1.3",
				"terser": "^5.31.6"
			},
			"bin": {
				"docgen": "cli/index.js"
			},
			"devDependencies": {
				"@types/clean-css": "^4.2.11",
				"@types/html-minifier-terser": "^7.0.2",
				"@types/js-yaml": "^4.0.9",
				"@types/marked": "^5.0.1",
				"@types/node": "latest",
				"rimraf": "^6.0.1",
				"typescript": "latest"
			}
		},
		"../packages/frame-core": {
			"name": "@desk-framework/frame-core",
			"version": "0.0.0",
			"dev": true,
			"license": "MIT",
			"dependencies": {
				"tslib": "^2.6.3"
			},
			"devDependencies": {
				"@desk-framework/frame-test": "file:../frame-test"
			}
		},
		"../packages/frame-test": {
			"name": "@desk-framework/frame-test",
			"version": "0.0.0",
			"dev": true,
			"license": "MIT",
			"devDependencies": {
				"@desk-framework/frame-core": "file:../frame-core"
			}
		},
		"../packages/frame-web": {
			"name": "@desk-framework/frame-web",
			"version": "0.0.0",
			"dev": true,
			"license": "MIT",
			"dependencies": {
				"tslib": "^2.6.3"
			},
			"devDependencies": {
				"@desk-framework/frame-core": "file:../frame-core"
			}
		},
		"node_modules/@desk-framework/docgen": {
			"resolved": "../packages/docgen",
			"link": true
		},
		"node_modules/@desk-framework/frame-core": {
			"resolved": "../packages/frame-core",
			"link": true
		},
		"node_modules/@desk-framework/frame-test": {
			"resolved": "../packages/frame-test",
			"link": true
		},
		"node_modules/@desk-framework/frame-web": {
			"resolved": "../packages/frame-web",
			"link": true
		}
	},
	"dependencies": {
		"@desk-framework/docgen": {
			"version": "file:../packages/docgen",
			"requires": {
				"@types/clean-css": "^4.2.11",
				"@types/html-minifier-terser": "^7.0.2",
				"@types/js-yaml": "^4.0.9",
				"@types/marked": "^5.0.1",
				"@types/node": "latest",
				"clean-css": "^5.3.3",
				"glob": "^11.0.0",
				"highlight.js": "^11.8.0",
				"html-entities": "^2.5.2",
				"html-minifier-terser": "^7.2.0",
				"js-yaml": "^4.1.0",
				"marked": "^9.0.3",
				"marked-highlight": "^2.0.6",
				"marked-smartypants": "^1.1.3",
				"rimraf": "^6.0.1",
				"terser": "^5.31.6",
				"typescript": "latest"
			}
		},
		"@desk-framework/frame-core": {
			"version": "file:../packages/frame-core",
			"requires": {
				"@desk-framework/frame-test": "file:../frame-test",
				"tslib": "^2.6.3"
			}
		},
		"@desk-framework/frame-test": {
			"version": "file:../packages/frame-test",
			"requires": {
				"@desk-framework/frame-core": "file:../frame-core"
			}
		},
		"@desk-framework/frame-web": {
			"version": "file:../packages/frame-web",
			"requires": {
				"@desk-framework/frame-core": "file:../frame-core",
				"tslib": "^2.6.3"
			}
		}
	}
}
