{
	"name": "@talla-ui/test-handler",
	"version": "0.0.0",
	"lockfileVersion": 2,
	"requires": true,
	"packages": {
		"": {
			"name": "@talla-ui/test-handler",
			"version": "0.0.0",
			"license": "MIT",
			"devDependencies": {
				"talla": "file:../core"
			}
		},
		"../core": {
			"name": "talla",
			"version": "0.0.0",
			"dev": true,
			"license": "MIT",
			"dependencies": {
				"tslib": "^2.6.3"
			},
			"devDependencies": {
				"@talla-ui/test-handler": "file:../test-handler"
			}
		},
		"../frame-core": {
			"name": "@talla-ui/core",
			"version": "0.0.0",
			"extraneous": true,
			"license": "MIT",
			"dependencies": {
				"tslib": "^2.6.3"
			},
			"devDependencies": {
				"@talla-ui/test": "file:../frame-test"
			}
		},
		"node_modules/talla": {
			"resolved": "../core",
			"link": true
		}
	},
	"dependencies": {
		"talla": {
			"version": "file:../core",
			"requires": {
				"@talla-ui/test-handler": "file:../test-handler",
				"tslib": "^2.6.3"
			}
		}
	}
}
